
Microsoft Visual Studio Solution File, Format Version 12.00
# Visual Studio 2013
VisualStudioVersion = 12.0.30501.0
MinimumVisualStudioVersion = 10.0.40219.1
Project("{8BC9CEB8-8B4A-11D0-8D11-00A0C91BC942}") = "BC40 竞选社长", "BC40 竞选社长\BC40 竞选社长.vcxproj", "{A64E43B6-55C2-4C21-86F4-15F45EC6200B}"
EndProject
Global
	GlobalSection(SolutionConfigurationPlatforms) = preSolution
		Debug|Win32 = Debug|Win32
		Release|Win32 = Release|Win32
	EndGlobalSection
	GlobalSection(ProjectConfigurationPlatforms) = postSolution
		{A64E43B6-55C2-4C21-86F4-15F45EC6200B}.Debug|Win32.ActiveCfg = Debug|Win32
		{A64E43B6-55C2-4C21-86F4-15F45EC6200B}.Debug|Win32.Build.0 = Debug|Win32
		{A64E43B6-55C2-4C21-86F4-15F45EC6200B}.Release|Win32.ActiveCfg = Release|Win32
		{A64E43B6-55C2-4C21-86F4-15F45EC6200B}.Release|Win32.Build.0 = Release|Win32
	EndGlobalSection
	GlobalSection(SolutionProperties) = preSolution
		HideSolutionNode = FALSE
	EndGlobalSection
EndGlobal
