
Microsoft Visual Studio Solution File, Format Version 12.00
# Visual Studio 2013
VisualStudioVersion = 12.0.30501.0
MinimumVisualStudioVersion = 10.0.40219.1
Project("{8BC9CEB8-8B4A-11D0-8D11-00A0C91BC942}") = "BC60 带空格直角三角形图案", "BC60 带空格直角三角形图案\BC60 带空格直角三角形图案.vcxproj", "{B6B8A116-4991-408A-84CF-AE8CC3443573}"
EndProject
Global
	GlobalSection(SolutionConfigurationPlatforms) = preSolution
		Debug|Win32 = Debug|Win32
		Release|Win32 = Release|Win32
	EndGlobalSection
	GlobalSection(ProjectConfigurationPlatforms) = postSolution
		{B6B8A116-4991-408A-84CF-AE8CC3443573}.Debug|Win32.ActiveCfg = Debug|Win32
		{B6B8A116-4991-408A-84CF-AE8CC3443573}.Debug|Win32.Build.0 = Debug|Win32
		{B6B8A116-4991-408A-84CF-AE8CC3443573}.Release|Win32.ActiveCfg = Release|Win32
		{B6B8A116-4991-408A-84CF-AE8CC3443573}.Release|Win32.Build.0 = Release|Win32
	EndGlobalSection
	GlobalSection(SolutionProperties) = preSolution
		HideSolutionNode = FALSE
	EndGlobalSection
EndGlobal
